
Microsoft Visual Studio Solution File, Format Version 12.00
# Visual Studio 15
Project("{FAE04EC0-301F-11D3-BF4B-00C04F79EFBC}") = "HelloS3", "HelloS3.csproj", "{694F1FA0-D3BA-477A-84E7-CC1F9C04EBE2}"
EndProject
Global
	GlobalSection(SolutionConfigurationPlatforms) = preSolution
		Debug|Any CPU = Debug|Any CPU
		Release|Any CPU = Release|Any CPU
	EndGlobalSection
	GlobalSection(ProjectConfigurationPlatforms) = postSolution
		{694F1FA0-D3BA-477A-84E7-CC1F9C04EBE2}.Debug|Any CPU.ActiveCfg = Debug|Any CPU
		{694F1FA0-D3BA-477A-84E7-CC1F9C04EBE2}.Debug|Any CPU.Build.0 = Debug|Any CPU
		{694F1FA0-D3BA-477A-84E7-CC1F9C04EBE2}.Release|Any CPU.ActiveCfg = Release|Any CPU
		{694F1FA0-D3BA-477A-84E7-CC1F9C04EBE2}.Release|Any CPU.Build.0 = Release|Any CPU
	EndGlobalSection
EndGlobal
